{
  "originHash" : "95941a2d8b12bfe69a1992caafdb483a3ad9a83a5f12e1396c9bf3175d3a7445",
  "pins" : [
    {
      "identity" : "wwnetworking",
      "kind" : "remoteSourceControl",
      "location" : "https://github.com/William-Weng/WWNetworking",
      "state" : {
        "revision" : "6c2d905e222b8703e621d483c538135e572e669a",
        "version" : "1.3.1"
      }
    },
    {
      "identity" : "wwsigninwith3rd_apple",
      "kind" : "remoteSourceControl",
      "location" : "https://github.com/William-Weng/WWSignInWith3rd_Apple",
      "state" : {
        "revision" : "287af76bb04e18060c0c524e14e3b99db6dd2a56",
        "version" : "1.1.0"
      }
    },
    {
      "identity" : "wwsigninwith3rd_github",
      "kind" : "remoteSourceControl",
      "location" : "https://github.com/William-Weng/WWSignInWith3rd_GitHub",
      "state" : {
        "revision" : "6013492889a4fbb1c3ee0565c0e676f20197cb3f",
        "version" : "1.1.0"
      }
    }
  ],
  "version" : 3
}
